PODS:
  - Expecta (1.0.3)
  - Firebase (2.4.2)
  - HNClient-iOS (0.2.0):
    - Firebase (>= 2.3.3)
  - Specta (1.0.4)

DEPENDENCIES:
  - Expecta
  - HNClient-iOS (from `../`)
  - Specta

EXTERNAL SOURCES:
  HNClient-iOS:
    :path: "../"

SPEC CHECKSUMS:
  Expecta: 9d1bff6c8b0eeee73a166a2ee898892478927a15
  Firebase: 5e898ed5012c81d28ca5fae1113c6b61a172bc6d
  HNClient-iOS: efcdb58672a2e7b9be9dc0dfa896fbd5067a73a1
  Specta: 69bb134672aae190a1379ff91df07dad8dd1f869

COCOAPODS: 0.39.0
